Microsoft Visual Studio Solution File, Format Version 12.00
# Visual Studio 2012
Project("{FAE04EC0-301F-11D3-BF4B-00C04F79EFBC}") = "Illallangi.ShellLink", "Illallangi.ShellLink\Illallangi.ShellLink.csproj", "{28923F6E-8A68-4BC8-A507-825B09C3F64E}"
EndProject
Project("{FAE04EC0-301F-11D3-BF4B-00C04F79EFBC}") = "Illallangi.ShellLink.Sample", "Illallangi.ShellLink.Sample\Illallangi.ShellLink.Sample.csproj", "{B2216F12-385C-4561-BC06-A2C626684698}"
EndProject
Project("{2150E333-8FDC-42A3-9474-1A3956D46DE8}") = "Solution Items", "Solution Items", "{C05ACE6A-50D9-4E1B-A93F-B67D9B058345}"
	ProjectSection(SolutionItems) = preProject
		..\build.cmd = ..\build.cmd
		..\build.nuspec = ..\build.nuspec
		..\build.proj = ..\build.proj
	EndProjectSection
EndProject
Global
	GlobalSection(SolutionConfigurationPlatforms) = preSolution
		Debug|Any CPU = Debug|Any CPU
		Release|Any CPU = Release|Any CPU
	EndGlobalSection
	GlobalSection(ProjectConfigurationPlatforms) = postSolution
		{28923F6E-8A68-4BC8-A507-825B09C3F64E}.Debug|Any CPU.ActiveCfg = Debug|Any CPU
		{28923F6E-8A68-4BC8-A507-825B09C3F64E}.Debug|Any CPU.Build.0 = Debug|Any CPU
		{28923F6E-8A68-4BC8-A507-825B09C3F64E}.Release|Any CPU.ActiveCfg = Release|Any CPU
		{28923F6E-8A68-4BC8-A507-825B09C3F64E}.Release|Any CPU.Build.0 = Release|Any CPU
		{B2216F12-385C-4561-BC06-A2C626684698}.Debug|Any CPU.ActiveCfg = Debug|Any CPU
		{B2216F12-385C-4561-BC06-A2C626684698}.Debug|Any CPU.Build.0 = Debug|Any CPU
		{B2216F12-385C-4561-BC06-A2C626684698}.Release|Any CPU.ActiveCfg = Release|Any CPU
		{B2216F12-385C-4561-BC06-A2C626684698}.Release|Any CPU.Build.0 = Release|Any CPU
	EndGlobalSection
	GlobalSection(SolutionProperties) = preSolution
		HideSolutionNode = FALSE
	EndGlobalSection
EndGlobal
